
Microsoft Visual Studio Solution File, Format Version 12.00
# Visual Studio 14
VisualStudioVersion = 14.0.23107.0
MinimumVisualStudioVersion = 10.0.40219.1
Project("{FAE04EC0-301F-11D3-BF4B-00C04F79EFBC}") = "ChessEngine", "ChessEngine\ChessEngine.csproj", "{615EA011-B7FA-4DD9-8803-F1D506AC6D53}"
EndProject
Project("{FAE04EC0-301F-11D3-BF4B-00C04F79EFBC}") = "ChessEngine.Tests", "ChessEngine.Tests\ChessEngine.Tests.csproj", "{3BAA3196-159D-4D7C-B58C-1D239B52F8E6}"
EndProject
Project("{FAE04EC0-301F-11D3-BF4B-00C04F79EFBC}") = "Chess.Web", "Chess.Web\Chess.Web.csproj", "{56AFA8C9-CD59-4484-B576-1C7E77EE29FE}"
EndProject
Global
	GlobalSection(SolutionConfigurationPlatforms) = preSolution
		Debug|Any CPU = Debug|Any CPU
		Release|Any CPU = Release|Any CPU
	EndGlobalSection
	GlobalSection(ProjectConfigurationPlatforms) = postSolution
		{615EA011-B7FA-4DD9-8803-F1D506AC6D53}.Debug|Any CPU.ActiveCfg = Debug|Any CPU
		{615EA011-B7FA-4DD9-8803-F1D506AC6D53}.Debug|Any CPU.Build.0 = Debug|Any CPU
		{615EA011-B7FA-4DD9-8803-F1D506AC6D53}.Release|Any CPU.ActiveCfg = Release|Any CPU
		{615EA011-B7FA-4DD9-8803-F1D506AC6D53}.Release|Any CPU.Build.0 = Release|Any CPU
		{3BAA3196-159D-4D7C-B58C-1D239B52F8E6}.Debug|Any CPU.ActiveCfg = Debug|Any CPU
		{3BAA3196-159D-4D7C-B58C-1D239B52F8E6}.Debug|Any CPU.Build.0 = Debug|Any CPU
		{3BAA3196-159D-4D7C-B58C-1D239B52F8E6}.Release|Any CPU.ActiveCfg = Release|Any CPU
		{3BAA3196-159D-4D7C-B58C-1D239B52F8E6}.Release|Any CPU.Build.0 = Release|Any CPU
		{56AFA8C9-CD59-4484-B576-1C7E77EE29FE}.Debug|Any CPU.ActiveCfg = Debug|Any CPU
		{56AFA8C9-CD59-4484-B576-1C7E77EE29FE}.Debug|Any CPU.Build.0 = Debug|Any CPU
		{56AFA8C9-CD59-4484-B576-1C7E77EE29FE}.Release|Any CPU.ActiveCfg = Release|Any CPU
		{56AFA8C9-CD59-4484-B576-1C7E77EE29FE}.Release|Any CPU.Build.0 = Release|Any CPU
	EndGlobalSection
	GlobalSection(SolutionProperties) = preSolution
		HideSolutionNode = FALSE
	EndGlobalSection
EndGlobal
